<?xml version="1.0" encoding="utf-8"?>
<Project ToolsVersion="4.0" xmlns="http://schemas.microsoft.com/developer/msbuild/2003">
  <ItemGroup>
    <Filter Include="Source Files">
      <UniqueIdentifier>{4FC737F1-C7A5-4376-A066-2A32D752A2FF}</UniqueIdentifier>
      <Extensions>cpp;c;cc;cxx;c++;cppm;ixx;def;odl;idl;hpj;bat;asm;asmx</Extensions>
    </Filter>
    <Filter Include="Header Files">
      <UniqueIdentifier>{93995380-89BD-4b04-88EB-625FBE52EBFB}</UniqueIdentifier>
      <Extensions>h;hh;hpp;hxx;h++;hm;inl;inc;ipp;xsd</Extensions>
    </Filter>
    <Filter Include="Resource Files">
      <UniqueIdentifier>{67DA6AB6-F800-4c08-8B7A-83BB121AAD01}</UniqueIdentifier>
      <Extensions>rc;ico;cur;bmp;dlg;rc2;rct;bin;rgs;gif;jpg;jpeg;jpe;resx;tiff;tif;png;wav;mfcribbon-ms</Extensions>
    </Filter>
  </ItemGroup>
  <ItemGroup>
    <None Include="cpp.hint" />
  </ItemGroup>
  <ItemGroup>
    <ClInclude Include="framework.h">
      <Filter>Header Files</Filter>
    </ClInclude>
    <ClInclude Include="moonode_api.h">
      <Filter>Header Files</Filter>
    </ClInclude>
    <ClInclude Include="pch.h">
      <Filter>Header Files</Filter>
    </ClInclude>
    <ClInclude Include="src\compat-5.3.h">
      <Filter>Source Files</Filter>
    </ClInclude>
    <ClInclude Include="src\enums.h">
      <Filter>Source Files</Filter>
    </ClInclude>
    <ClInclude Include="src\internal.h">
      <Filter>Source Files</Filter>
    </ClInclude>
    <ClInclude Include="src\joint.h">
      <Filter>Source Files</Filter>
    </ClInclude>
    <ClInclude Include="src\moonode.h">
      <Filter>Source Files</Filter>
    </ClInclude>
    <ClInclude Include="src\objects.h">
      <Filter>Source Files</Filter>
    </ClInclude>
    <ClInclude Include="src\tree.h">
      <Filter>Source Files</Filter>
    </ClInclude>
    <ClInclude Include="src\udata.h">
      <Filter>Source Files</Filter>
    </ClInclude>
  </ItemGroup>
  <ItemGroup>
    <ClCompile Include="moonode_api.cpp">
      <Filter>Source Files</Filter>
    </ClCompile>
    <ClCompile Include="dllmain.cpp">
      <Filter>Source Files</Filter>
    </ClCompile>
    <ClCompile Include="pch.cpp">
      <Filter>Source Files</Filter>
    </ClCompile>
    <ClCompile Include="src\body.c">
      <Filter>Source Files</Filter>
    </ClCompile>
    <ClCompile Include="src\collide.c">
      <Filter>Source Files</Filter>
    </ClCompile>
    <ClCompile Include="src\compat-5.3.c">
      <Filter>Source Files</Filter>
    </ClCompile>
    <ClCompile Include="src\datahandling.c">
      <Filter>Source Files</Filter>
    </ClCompile>
    <ClCompile Include="src\datastructs.c">
      <Filter>Source Files</Filter>
    </ClCompile>
    <ClCompile Include="src\enums.c">
      <Filter>Source Files</Filter>
    </ClCompile>
    <ClCompile Include="src\flags.c">
      <Filter>Source Files</Filter>
    </ClCompile>
    <ClCompile Include="src\geom.c">
      <Filter>Source Files</Filter>
    </ClCompile>
    <ClCompile Include="src\geom_box.c">
      <Filter>Source Files</Filter>
    </ClCompile>
    <ClCompile Include="src\geom_capsule.c">
      <Filter>Source Files</Filter>
    </ClCompile>
    <ClCompile Include="src\geom_convex.c">
      <Filter>Source Files</Filter>
    </ClCompile>
    <ClCompile Include="src\geom_cylinder.c">
      <Filter>Source Files</Filter>
    </ClCompile>
    <ClCompile Include="src\geom_heightfield.c">
      <Filter>Source Files</Filter>
    </ClCompile>
    <ClCompile Include="src\geom_plane.c">
      <Filter>Source Files</Filter>
    </ClCompile>
    <ClCompile Include="src\geom_ray.c">
      <Filter>Source Files</Filter>
    </ClCompile>
    <ClCompile Include="src\geom_sphere.c">
      <Filter>Source Files</Filter>
    </ClCompile>
    <ClCompile Include="src\geom_trimesh.c">
      <Filter>Source Files</Filter>
    </ClCompile>
    <ClCompile Include="src\hfdata.c">
      <Filter>Source Files</Filter>
    </ClCompile>
    <ClCompile Include="src\joint.c">
      <Filter>Source Files</Filter>
    </ClCompile>
    <ClCompile Include="src\joint_amotor.c">
      <Filter>Source Files</Filter>
    </ClCompile>
    <ClCompile Include="src\joint_ball.c">
      <Filter>Source Files</Filter>
    </ClCompile>
    <ClCompile Include="src\joint_contact.c">
      <Filter>Source Files</Filter>
    </ClCompile>
    <ClCompile Include="src\joint_dball.c">
      <Filter>Source Files</Filter>
    </ClCompile>
    <ClCompile Include="src\joint_dhinge.c">
      <Filter>Source Files</Filter>
    </ClCompile>
    <ClCompile Include="src\joint_fixed.c">
      <Filter>Source Files</Filter>
    </ClCompile>
    <ClCompile Include="src\joint_hinge.c">
      <Filter>Source Files</Filter>
    </ClCompile>
    <ClCompile Include="src\joint_hinge2.c">
      <Filter>Source Files</Filter>
    </ClCompile>
    <ClCompile Include="src\joint_lmotor.c">
      <Filter>Source Files</Filter>
    </ClCompile>
    <ClCompile Include="src\joint_null.c">
      <Filter>Source Files</Filter>
    </ClCompile>
    <ClCompile Include="src\joint_piston.c">
      <Filter>Source Files</Filter>
    </ClCompile>
    <ClCompile Include="src\joint_plane2d.c">
      <Filter>Source Files</Filter>
    </ClCompile>
    <ClCompile Include="src\joint_pr.c">
      <Filter>Source Files</Filter>
    </ClCompile>
    <ClCompile Include="src\joint_pu.c">
      <Filter>Source Files</Filter>
    </ClCompile>
    <ClCompile Include="src\joint_slider.c">
      <Filter>Source Files</Filter>
    </ClCompile>
    <ClCompile Include="src\joint_transmission.c">
      <Filter>Source Files</Filter>
    </ClCompile>
    <ClCompile Include="src\joint_universal.c">
      <Filter>Source Files</Filter>
    </ClCompile>
    <ClCompile Include="src\main.c">
      <Filter>Source Files</Filter>
    </ClCompile>
    <ClCompile Include="src\mass.c">
      <Filter>Source Files</Filter>
    </ClCompile>
    <ClCompile Include="src\misc.c">
      <Filter>Source Files</Filter>
    </ClCompile>
    <ClCompile Include="src\objects.c">
      <Filter>Source Files</Filter>
    </ClCompile>
    <ClCompile Include="src\space.c">
      <Filter>Source Files</Filter>
    </ClCompile>
    <ClCompile Include="src\space_hash.c">
      <Filter>Source Files</Filter>
    </ClCompile>
    <ClCompile Include="src\space_quadtree.c">
      <Filter>Source Files</Filter>
    </ClCompile>
    <ClCompile Include="src\space_sap.c">
      <Filter>Source Files</Filter>
    </ClCompile>
    <ClCompile Include="src\space_simple.c">
      <Filter>Source Files</Filter>
    </ClCompile>
    <ClCompile Include="src\tmdata.c">
      <Filter>Source Files</Filter>
    </ClCompile>
    <ClCompile Include="src\tracing.c">
      <Filter>Source Files</Filter>
    </ClCompile>
    <ClCompile Include="src\udata.c">
      <Filter>Source Files</Filter>
    </ClCompile>
    <ClCompile Include="src\utils.c">
      <Filter>Source Files</Filter>
    </ClCompile>
    <ClCompile Include="src\world.c">
      <Filter>Source Files</Filter>
    </ClCompile>
  </ItemGroup>
</Project>